
Microsoft Visual Studio Solution File, Format Version 12.00
# Visual Studio Version 17
VisualStudioVersion = 17.9.34728.123
MinimumVisualStudioVersion = 10.0.40219.1
Project("{9A19103F-16F7-4668-BE54-9A1E7A4F7556}") = "Instituto", "Instituto.csproj", "{0D7A7B23-CB4F-4622-A23A-6659E7416EA3}"
EndProject
Global
	GlobalSection(SolutionConfigurationPlatforms) = preSolution
		Debug|Any CPU = Debug|Any CPU
		Release|Any CPU = Release|Any CPU
	EndGlobalSection
	GlobalSection(ProjectConfigurationPlatforms) = postSolution
		{0D7A7B23-CB4F-4622-A23A-6659E7416EA3}.Debug|Any CPU.ActiveCfg = Debug|Any CPU
		{0D7A7B23-CB4F-4622-A23A-6659E7416EA3}.Debug|Any CPU.Build.0 = Debug|Any CPU
		{0D7A7B23-CB4F-4622-A23A-6659E7416EA3}.Release|Any CPU.ActiveCfg = Release|Any CPU
		{0D7A7B23-CB4F-4622-A23A-6659E7416EA3}.Release|Any CPU.Build.0 = Release|Any CPU
	EndGlobalSection
	GlobalSection(SolutionProperties) = preSolution
		HideSolutionNode = FALSE
	EndGlobalSection
	GlobalSection(ExtensibilityGlobals) = postSolution
		SolutionGuid = {F72E68E5-8B79-435E-A6CE-C97EAFE86ACB}
	EndGlobalSection
EndGlobal
